hash: 44894d9d8a214006f7b0519d3f6eaac75973c183522dab96279a75b14ca2f21b
updated: 2018-01-15T18:00:55.291841-05:00
imports:
- name: github.com/bradfitz/slice
  version: d9036e2120b5ddfa53f3ebccd618c4af275f47da
- name: github.com/gin-contrib/sse
  version: 22d885f9ecc78bf4ee5d72b937e4bbcdc58e8cae
- name: github.com/gin-contrib/static
  version: e6b7eb92648d0a5faeea81700668a7a5dbe8424f
- name: github.com/gin-gonic/gin
  version: d459835d2b077e44f7c9b453505ee29881d5d12d
  subpackages:
  - binding
  - render
- name: github.com/go-ble/ble
  version: c88cfeb1882ae50943d93d5e1f810dfc3df7b5f1
  subpackages:
  - darwin
  - linux
  - linux/adv
  - linux/att
  - linux/gatt
  - linux/hci
  - linux/hci/cmd
  - linux/hci/evt
  - linux/hci/socket
- name: github.com/go-errors/errors
  version: 3afebba5a48dbc89b574d890b6b34d9ee10b4785
- name: github.com/go-ole/go-ole
  version: a41e3c4b706f6ae8dfbff342b06e40fa4d2d0506
  subpackages:
  - oleutil
- name: github.com/golang/protobuf
  version: 1e59b77b52bf8e4b449a57e6f79f21226d571845
  subpackages:
  - proto
- name: github.com/mattn/go-colorable
  version: 6fcc0c1fd9b620311d821b106a400b35dc95c497
- name: github.com/mattn/go-isatty
  version: 0360b2af4f38e8d38c7fce2a9f4e702702d73a39
- name: github.com/mattn/go-sqlite3
  version: 6c771bb9887719704b210e87e934f08be014bdb1
- name: github.com/mgutz/ansi
  version: 9520e82c474b0a04dd04f8a40959027271bab992
- name: github.com/mgutz/logxi
  version: aebf8a7d67ab4625e0fd4a665766fef9a709161b
  subpackages:
  - v1
- name: github.com/pkg/errors
  version: 645ef00459ed84a119197bfb8d8205042c6df63d
- name: github.com/raff/goble
  version: 591010bb87c136ee390f8f20529039fea824f737
  subpackages:
  - xpc
- name: github.com/sethgrid/pester
  version: 760f8913c0483b776294e1bee43f1d687527127b
- name: github.com/shirou/gopsutil
  version: 7ec06ec280df1dd1f08befc535049d49d63ae18a
  subpackages:
  - cpu
  - disk
  - host
  - internal/common
  - mem
  - net
  - process
- name: github.com/shirou/w32
  version: bb4de0191aa41b5507caa14b0650cdbddcd9280b
- name: github.com/StackExchange/wmi
  version: ea383cf3ba6ec950874b8486cd72356d007c768f
- name: github.com/ugorji/go
  version: 84cb69a8af8316eed8cf4a3c9368a56977850062
  subpackages:
  - codec
- name: go.uber.org/atomic
  version: 8474b86a5a6f79c443ce4b2992817ff32cf208b8
- name: go.uber.org/multierr
  version: 3c4937480c32f4c13a875a1829af76c98ca3d40a
- name: go.uber.org/zap
  version: 35aad584952c3e7020db7b839f6b102de6271f89
  subpackages:
  - buffer
  - internal/bufferpool
  - internal/color
  - internal/exit
  - zapcore
- name: go4.org
  version: 034d17a462f7b2dcd1a4a73553ec5357ff6e6c6e
  subpackages:
  - reflectutil
- name: golang.org/x/net
  version: a8b9294777976932365dabb6640cf1468d95c70f
  subpackages:
  - context
- name: golang.org/x/sys
  version: 316e9227019baa6ea3f76ea21538bab101fd1182
  subpackages:
  - unix
  - windows
- name: gopkg.in/go-playground/validator.v8
  version: 5f1438d3fca68893a817e4a66806cea46a9e4ebf
- name: gopkg.in/yaml.v2
  version: 287cf08546ab5e7e37d55a84f7ed3fd1db036de5
testImports:
- name: github.com/brianvoe/gofakeit
  version: 09d21ec27e49141514892166cd4a34aaf85f30bc
- name: github.com/davecgh/go-spew
  version: ecdeabc65495df2dec95d7c4a4c3e021903035e5
  subpackages:
  - spew
- name: github.com/pmezard/go-difflib
  version: 792786c7400a136282c1664665ae0a8db921c6c2
  subpackages:
  - difflib
- name: github.com/stretchr/testify
  version: b91bfb9ebec76498946beb6af7c0230c7cc7ba6c
  subpackages:
  - assert
